
Microsoft Visual Studio Solution File, Format Version 12.00
# Visual Studio Version 17
VisualStudioVersion = 17.7.34018.315
MinimumVisualStudioVersion = 10.0.40219.1
Project("{FAE04EC0-301F-11D3-BF4B-00C04F79EFBC}") = "MegaProjeto", "MegaProjeto\MegaProjeto.csproj", "{F21FD05A-D85E-4353-84A8-555D08E6F387}"
EndProject
Global
	GlobalSection(SolutionConfigurationPlatforms) = preSolution
		Debug|Any CPU = Debug|Any CPU
		Release|Any CPU = Release|Any CPU
	EndGlobalSection
	GlobalSection(ProjectConfigurationPlatforms) = postSolution
		{F21FD05A-D85E-4353-84A8-555D08E6F387}.Debug|Any CPU.ActiveCfg = Debug|Any CPU
		{F21FD05A-D85E-4353-84A8-555D08E6F387}.Debug|Any CPU.Build.0 = Debug|Any CPU
		{F21FD05A-D85E-4353-84A8-555D08E6F387}.Release|Any CPU.ActiveCfg = Release|Any CPU
		{F21FD05A-D85E-4353-84A8-555D08E6F387}.Release|Any CPU.Build.0 = Release|Any CPU
	EndGlobalSection
	GlobalSection(SolutionProperties) = preSolution
		HideSolutionNode = FALSE
	EndGlobalSection
	GlobalSection(ExtensibilityGlobals) = postSolution
		SolutionGuid = {60EC02F6-8322-4590-895A-3352F39AA329}
	EndGlobalSection
EndGlobal
